Microsoft Visual Studio Solution File, Format Version 12.00
# Visual Studio Version 17
VisualStudioVersion = 17.0.31903.59
MinimumVisualStudioVersion = 16.0.0.0
Project("{9A19103F-16F7-4668-BE54-9A1E7A4F7556}") = "LitExplore.Server", "Server\LitExplore.Server.csproj", "{58C311FB-48F1-4CA9-A350-C21BF62D81A2}"
EndProject
Project("{9A19103F-16F7-4668-BE54-9A1E7A4F7556}") = "LitExplore.Client", "Client\LitExplore.Client.csproj", "{E3AD2AA8-0765-4F01-A626-5DB3056B3562}"
EndProject
Project("{9A19103F-16F7-4668-BE54-9A1E7A4F7556}") = "LitExplore.Shared", "Shared\LitExplore.Shared.csproj", "{80831EA6-D512-4405-8BC3-441C50B848DC}"
EndProject
Global
	GlobalSection(SolutionConfigurationPlatforms) = preSolution
		Debug|Any CPU = Debug|Any CPU
		Debug|x64 = Debug|x64
		Debug|x86 = Debug|x86
		Release|Any CPU = Release|Any CPU
		Release|x64 = Release|x64
		Release|x86 = Release|x86
	EndGlobalSection
	GlobalSection(ProjectConfigurationPlatforms) = postSolution
		{58C311FB-48F1-4CA9-A350-C21BF62D81A2}.Debug|Any CPU.ActiveCfg = Debug|Any CPU
		{58C311FB-48F1-4CA9-A350-C21BF62D81A2}.Debug|Any CPU.Build.0 = Debug|Any CPU
		{58C311FB-48F1-4CA9-A350-C21BF62D81A2}.Debug|x64.ActiveCfg = Debug|Any CPU
		{58C311FB-48F1-4CA9-A350-C21BF62D81A2}.Debug|x64.Build.0 = Debug|Any CPU
		{58C311FB-48F1-4CA9-A350-C21BF62D81A2}.Debug|x86.ActiveCfg = Debug|Any CPU
		{58C311FB-48F1-4CA9-A350-C21BF62D81A2}.Debug|x86.Build.0 = Debug|Any CPU
		{58C311FB-48F1-4CA9-A350-C21BF62D81A2}.Release|Any CPU.ActiveCfg = Release|Any CPU
		{58C311FB-48F1-4CA9-A350-C21BF62D81A2}.Release|Any CPU.Build.0 = Release|Any CPU
		{58C311FB-48F1-4CA9-A350-C21BF62D81A2}.Release|x64.ActiveCfg = Release|Any CPU
		{58C311FB-48F1-4CA9-A350-C21BF62D81A2}.Release|x64.Build.0 = Release|Any CPU
		{58C311FB-48F1-4CA9-A350-C21BF62D81A2}.Release|x86.ActiveCfg = Release|Any CPU
		{58C311FB-48F1-4CA9-A350-C21BF62D81A2}.Release|x86.Build.0 = Release|Any CPU
		{E3AD2AA8-0765-4F01-A626-5DB3056B3562}.Debug|Any CPU.ActiveCfg = Debug|Any CPU
		{E3AD2AA8-0765-4F01-A626-5DB3056B3562}.Debug|Any CPU.Build.0 = Debug|Any CPU
		{E3AD2AA8-0765-4F01-A626-5DB3056B3562}.Debug|x64.ActiveCfg = Debug|Any CPU
		{E3AD2AA8-0765-4F01-A626-5DB3056B3562}.Debug|x64.Build.0 = Debug|Any CPU
		{E3AD2AA8-0765-4F01-A626-5DB3056B3562}.Debug|x86.ActiveCfg = Debug|Any CPU
		{E3AD2AA8-0765-4F01-A626-5DB3056B3562}.Debug|x86.Build.0 = Debug|Any CPU
		{E3AD2AA8-0765-4F01-A626-5DB3056B3562}.Release|Any CPU.ActiveCfg = Release|Any CPU
		{E3AD2AA8-0765-4F01-A626-5DB3056B3562}.Release|Any CPU.Build.0 = Release|Any CPU
		{E3AD2AA8-0765-4F01-A626-5DB3056B3562}.Release|x64.ActiveCfg = Release|Any CPU
		{E3AD2AA8-0765-4F01-A626-5DB3056B3562}.Release|x64.Build.0 = Release|Any CPU
		{E3AD2AA8-0765-4F01-A626-5DB3056B3562}.Release|x86.ActiveCfg = Release|Any CPU
		{E3AD2AA8-0765-4F01-A626-5DB3056B3562}.Release|x86.Build.0 = Release|Any CPU
		{80831EA6-D512-4405-8BC3-441C50B848DC}.Debug|Any CPU.ActiveCfg = Debug|Any CPU
		{80831EA6-D512-4405-8BC3-441C50B848DC}.Debug|Any CPU.Build.0 = Debug|Any CPU
		{80831EA6-D512-4405-8BC3-441C50B848DC}.Debug|x64.ActiveCfg = Debug|Any CPU
		{80831EA6-D512-4405-8BC3-441C50B848DC}.Debug|x64.Build.0 = Debug|Any CPU
		{80831EA6-D512-4405-8BC3-441C50B848DC}.Debug|x86.ActiveCfg = Debug|Any CPU
		{80831EA6-D512-4405-8BC3-441C50B848DC}.Debug|x86.Build.0 = Debug|Any CPU
		{80831EA6-D512-4405-8BC3-441C50B848DC}.Release|Any CPU.ActiveCfg = Release|Any CPU
		{80831EA6-D512-4405-8BC3-441C50B848DC}.Release|Any CPU.Build.0 = Release|Any CPU
		{80831EA6-D512-4405-8BC3-441C50B848DC}.Release|x64.ActiveCfg = Release|Any CPU
		{80831EA6-D512-4405-8BC3-441C50B848DC}.Release|x64.Build.0 = Release|Any CPU
		{80831EA6-D512-4405-8BC3-441C50B848DC}.Release|x86.ActiveCfg = Release|Any CPU
		{80831EA6-D512-4405-8BC3-441C50B848DC}.Release|x86.Build.0 = Release|Any CPU
	EndGlobalSection
	GlobalSection(SolutionProperties) = preSolution
		HideSolutionNode = FALSE
	EndGlobalSection
	GlobalSection(ExtensibilityGlobals) = postSolution
		SolutionGuid = {59765D91-5A9A-430B-AC21-A98415E8427A}
	EndGlobalSection
EndGlobal
